
Microsoft Visual Studio Solution File, Format Version 12.00
# Visual Studio Version 16
VisualStudioVersion = 16.0.30128.74
MinimumVisualStudioVersion = 10.0.40219.1
Project("{888888A0-9F3D-457C-B088-3A5042F75D52}") = "Degrees", "Degrees.pyproj", "{F1872DB5-763E-4A6F-B14E-06DC77046880}"
EndProject
Global
	GlobalSection(SolutionConfigurationPlatforms) = preSolution
		Debug|Any CPU = Debug|Any CPU
		Release|Any CPU = Release|Any CPU
	EndGlobalSection
	GlobalSection(ProjectConfigurationPlatforms) = postSolution
		{F1872DB5-763E-4A6F-B14E-06DC77046880}.Debug|Any CPU.ActiveCfg = Debug|Any CPU
		{F1872DB5-763E-4A6F-B14E-06DC77046880}.Release|Any CPU.ActiveCfg = Release|Any CPU
	EndGlobalSection
	GlobalSection(SolutionProperties) = preSolution
		HideSolutionNode = FALSE
	EndGlobalSection
	GlobalSection(ExtensibilityGlobals) = postSolution
		SolutionGuid = {1311E6D3-E7AE-458E-B228-B2913ACAE7B8}
	EndGlobalSection
EndGlobal
